
Microsoft Visual Studio Solution File, Format Version 12.00
# Visual Studio Version 17
VisualStudioVersion = 17.11.35327.3
MinimumVisualStudioVersion = 10.0.40219.1
Project("{9A19103F-16F7-4668-BE54-9A1E7A4F7556}") = "Horizons.Core.Api", "Horizons.Core.Api\Horizons.Core.Api.csproj", "{437B40F7-121E-42AA-BB3D-ABE51FFFDE05}"
EndProject
Project("{9A19103F-16F7-4668-BE54-9A1E7A4F7556}") = "Horizons.Core.Auth", "Horizons.Core.Auth\Horizons.Core.Auth.csproj", "{FBD4828E-694B-45E6-BF61-796F1C8ACC6B}"
EndProject
Global
	GlobalSection(SolutionConfigurationPlatforms) = preSolution
		Debug|Any CPU = Debug|Any CPU
		Release|Any CPU = Release|Any CPU
	EndGlobalSection
	GlobalSection(ProjectConfigurationPlatforms) = postSolution
		{437B40F7-121E-42AA-BB3D-ABE51FFFDE05}.Debug|Any CPU.ActiveCfg = Debug|Any CPU
		{437B40F7-121E-42AA-BB3D-ABE51FFFDE05}.Debug|Any CPU.Build.0 = Debug|Any CPU
		{437B40F7-121E-42AA-BB3D-ABE51FFFDE05}.Release|Any CPU.ActiveCfg = Release|Any CPU
		{437B40F7-121E-42AA-BB3D-ABE51FFFDE05}.Release|Any CPU.Build.0 = Release|Any CPU
		{FBD4828E-694B-45E6-BF61-796F1C8ACC6B}.Debug|Any CPU.ActiveCfg = Debug|Any CPU
		{FBD4828E-694B-45E6-BF61-796F1C8ACC6B}.Debug|Any CPU.Build.0 = Debug|Any CPU
		{FBD4828E-694B-45E6-BF61-796F1C8ACC6B}.Release|Any CPU.ActiveCfg = Release|Any CPU
		{FBD4828E-694B-45E6-BF61-796F1C8ACC6B}.Release|Any CPU.Build.0 = Release|Any CPU
	EndGlobalSection
	GlobalSection(SolutionProperties) = preSolution
		HideSolutionNode = FALSE
	EndGlobalSection
	GlobalSection(ExtensibilityGlobals) = postSolution
		SolutionGuid = {5742D828-FA63-4BBE-A261-CDA7FC204DE8}
	EndGlobalSection
EndGlobal
